# This file was autogenerated by Stack.
# You should not edit this file by hand.
# For more information, please see the documentation at:
#   https://docs.haskellstack.org/en/stable/lock_files

packages:
- completed:
    hackage: simple-smt-0.8@sha256:32bc9dc948671f141d023ae8f0c58356ec24ce69528ec6bb705dfb80f5ceec6d,734
    pantry-tree:
      size: 253
      sha256: 9d808745137f37f3fd2731d2c8a9fd2e49ee22349f4628165309088b43f62850
  original:
    hackage: simple-smt-0.8
snapshots:
- completed:
    size: 494635
    url: https://raw.githubusercontent.com/commercialhaskell/stackage-snapshots/master/lts/15/12.yaml
    sha256: a71c4293d8f461f455ff0d9815dfe4ab2f1adacd7e0bbc9a218f46ced8c4929a
  original: lts-15.12
