# This file was autogenerated by Stack.
# You should not edit this file by hand.
# For more information, please see the documentation at:
#   https://docs.haskellstack.org/en/stable/lock_files

packages:
- completed:
    hackage: simple-smt-0.8@sha256:32bc9dc948671f141d023ae8f0c58356ec24ce69528ec6bb705dfb80f5ceec6d,734
    pantry-tree:
      size: 253
      sha256: 9d808745137f37f3fd2731d2c8a9fd2e49ee22349f4628165309088b43f62850
  original:
    hackage: simple-smt-0.8
snapshots:
- completed:
    size: 524996
    url: https://raw.githubusercontent.com/commercialhaskell/stackage-snapshots/master/lts/14/27.yaml
    sha256: 7ea31a280c56bf36ff591a7397cc384d0dff622e7f9e4225b47d8980f019a0f0
  original: lts-14.27
